
Microsoft Visual Studio Solution File, Format Version 12.00
# Visual Studio 2012
Project("{FAE04EC0-301F-11D3-BF4B-00C04F79EFBC}") = "forum", "forum\forum.csproj", "{AB7E84A0-5FA4-43AE-952D-04B8A6F16BEB}"
EndProject
Global
	GlobalSection(SolutionConfigurationPlatforms) = preSolution
		Debug|Any CPU = Debug|Any CPU
		Release|Any CPU = Release|Any CPU
	EndGlobalSection
	GlobalSection(ProjectConfigurationPlatforms) = postSolution
		{AB7E84A0-5FA4-43AE-952D-04B8A6F16BEB}.Debug|Any CPU.ActiveCfg = Debug|Any CPU
		{AB7E84A0-5FA4-43AE-952D-04B8A6F16BEB}.Debug|Any CPU.Build.0 = Debug|Any CPU
		{AB7E84A0-5FA4-43AE-952D-04B8A6F16BEB}.Release|Any CPU.ActiveCfg = Release|Any CPU
		{AB7E84A0-5FA4-43AE-952D-04B8A6F16BEB}.Release|Any CPU.Build.0 = Release|Any CPU
	EndGlobalSection
EndGlobal
